
Microsoft Visual Studio Solution File, Format Version 12.00
# Visual Studio Version 17
VisualStudioVersion = 17.7.34024.191
MinimumVisualStudioVersion = 10.0.40219.1
Project("{FAE04EC0-301F-11D3-BF4B-00C04F79EFBC}") = "Pri.Identity.Api", "Pri.Identity.Api\Pri.Identity.Api.csproj", "{878A6D59-B9F1-49F6-9DEE-EE6C6BB19F7B}"
EndProject
Project("{FAE04EC0-301F-11D3-BF4B-00C04F79EFBC}") = "Pri.Identity.Core", "Pri.Identity.Core\Pri.Identity.Core.csproj", "{8C5E1E4E-5C08-40F3-9FF2-30DFF6B3DAA8}"
EndProject
Global
	GlobalSection(SolutionConfigurationPlatforms) = preSolution
		Debug|Any CPU = Debug|Any CPU
		Release|Any CPU = Release|Any CPU
	EndGlobalSection
	GlobalSection(ProjectConfigurationPlatforms) = postSolution
		{878A6D59-B9F1-49F6-9DEE-EE6C6BB19F7B}.Debug|Any CPU.ActiveCfg = Debug|Any CPU
		{878A6D59-B9F1-49F6-9DEE-EE6C6BB19F7B}.Debug|Any CPU.Build.0 = Debug|Any CPU
		{878A6D59-B9F1-49F6-9DEE-EE6C6BB19F7B}.Release|Any CPU.ActiveCfg = Release|Any CPU
		{878A6D59-B9F1-49F6-9DEE-EE6C6BB19F7B}.Release|Any CPU.Build.0 = Release|Any CPU
		{8C5E1E4E-5C08-40F3-9FF2-30DFF6B3DAA8}.Debug|Any CPU.ActiveCfg = Debug|Any CPU
		{8C5E1E4E-5C08-40F3-9FF2-30DFF6B3DAA8}.Debug|Any CPU.Build.0 = Debug|Any CPU
		{8C5E1E4E-5C08-40F3-9FF2-30DFF6B3DAA8}.Release|Any CPU.ActiveCfg = Release|Any CPU
		{8C5E1E4E-5C08-40F3-9FF2-30DFF6B3DAA8}.Release|Any CPU.Build.0 = Release|Any CPU
	EndGlobalSection
	GlobalSection(SolutionProperties) = preSolution
		HideSolutionNode = FALSE
	EndGlobalSection
	GlobalSection(ExtensibilityGlobals) = postSolution
		SolutionGuid = {A1062A00-F9E2-4BCC-8AC7-4CEF510F8222}
	EndGlobalSection
EndGlobal
